
Microsoft Visual Studio Solution File, Format Version 12.00
# Visual Studio 15
VisualStudioVersion = 15.0.28307.539
MinimumVisualStudioVersion = 10.0.40219.1
Project("{FAE04EC0-301F-11D3-BF4B-00C04F79EFBC}") = "WindowsFormsApp3", "WindowsFormsApp3\WindowsFormsApp3.csproj", "{59B45823-9477-4C79-9E86-2B5E2453D6BB}"
EndProject
Project("{FAE04EC0-301F-11D3-BF4B-00C04F79EFBC}") = "WindowsFormsApp1", "WindowsFormsApp1\WindowsFormsApp1.csproj", "{7B817AEB-55FF-4C41-890A-82459F7B2EAB}"
EndProject
Global
	GlobalSection(SolutionConfigurationPlatforms) = preSolution
		Debug|Any CPU = Debug|Any CPU
		Release|Any CPU = Release|Any CPU
	EndGlobalSection
	GlobalSection(ProjectConfigurationPlatforms) = postSolution
		{59B45823-9477-4C79-9E86-2B5E2453D6BB}.Debug|Any CPU.ActiveCfg = Debug|Any CPU
		{59B45823-9477-4C79-9E86-2B5E2453D6BB}.Debug|Any CPU.Build.0 = Debug|Any CPU
		{59B45823-9477-4C79-9E86-2B5E2453D6BB}.Release|Any CPU.ActiveCfg = Release|Any CPU
		{59B45823-9477-4C79-9E86-2B5E2453D6BB}.Release|Any CPU.Build.0 = Release|Any CPU
		{7B817AEB-55FF-4C41-890A-82459F7B2EAB}.Debug|Any CPU.ActiveCfg = Debug|Any CPU
		{7B817AEB-55FF-4C41-890A-82459F7B2EAB}.Debug|Any CPU.Build.0 = Debug|Any CPU
		{7B817AEB-55FF-4C41-890A-82459F7B2EAB}.Release|Any CPU.ActiveCfg = Release|Any CPU
		{7B817AEB-55FF-4C41-890A-82459F7B2EAB}.Release|Any CPU.Build.0 = Release|Any CPU
	EndGlobalSection
	GlobalSection(SolutionProperties) = preSolution
		HideSolutionNode = FALSE
	EndGlobalSection
	GlobalSection(ExtensibilityGlobals) = postSolution
		SolutionGuid = {0100B663-98E1-442B-9C46-FB8CB8D7E5EC}
	EndGlobalSection
EndGlobal
